
Microsoft Visual Studio Solution File, Format Version 12.00
# Visual Studio 15
VisualStudioVersion = 15.0.26730.10
MinimumVisualStudioVersion = 10.0.40219.1
Project("{FAE04EC0-301F-11D3-BF4B-00C04F79EFBC}") = "ResumeApi", "ResumeApi\ResumeApi.csproj", "{1270451D-FAE1-4270-AB99-3CDBE07E2FCA}"
EndProject
Global
	GlobalSection(SolutionConfigurationPlatforms) = preSolution
		Debug|Any CPU = Debug|Any CPU
		Release|Any CPU = Release|Any CPU
	EndGlobalSection
	GlobalSection(ProjectConfigurationPlatforms) = postSolution
		{1270451D-FAE1-4270-AB99-3CDBE07E2FCA}.Debug|Any CPU.ActiveCfg = Debug|Any CPU
		{1270451D-FAE1-4270-AB99-3CDBE07E2FCA}.Debug|Any CPU.Build.0 = Debug|Any CPU
		{1270451D-FAE1-4270-AB99-3CDBE07E2FCA}.Release|Any CPU.ActiveCfg = Release|Any CPU
		{1270451D-FAE1-4270-AB99-3CDBE07E2FCA}.Release|Any CPU.Build.0 = Release|Any CPU
	EndGlobalSection
	GlobalSection(SolutionProperties) = preSolution
		HideSolutionNode = FALSE
	EndGlobalSection
	GlobalSection(ExtensibilityGlobals) = postSolution
		SolutionGuid = {01665772-8BF6-4672-B750-06B3B0D8E29E}
	EndGlobalSection
EndGlobal
