
Microsoft Visual Studio Solution File, Format Version 12.00
# Visual Studio 15
VisualStudioVersion = 15.0.26730.12
MinimumVisualStudioVersion = 10.0.40219.1
Project("{9A19103F-16F7-4668-BE54-9A1E7A4F7556}") = "ResumeApi.Web", "ResumeApi.Web\ResumeApi.Web.csproj", "{1270451D-FAE1-4270-AB99-3CDBE07E2FCA}"
EndProject
Project("{9A19103F-16F7-4668-BE54-9A1E7A4F7556}") = "ResumeApi.Model", "ResumeApi.Model\ResumeApi.Model.csproj", "{A277E574-29DF-402A-B1FF-F1BD1F0EC35B}"
EndProject
Project("{9A19103F-16F7-4668-BE54-9A1E7A4F7556}") = "ResumeApi.RepositoryInterfaces", "ResumeApi.RepositoryInterfaces\ResumeApi.RepositoryInterfaces.csproj", "{F3C3FE1C-4910-456A-A0EB-884DD0FCB5FA}"
EndProject
Project("{9A19103F-16F7-4668-BE54-9A1E7A4F7556}") = "ResumeApi.Repositories", "ResumeApi.Repositories\ResumeApi.Repositories.csproj", "{924506D5-0DF0-4631-AA5E-74C383652CBE}"
EndProject
Project("{2150E333-8FDC-42A3-9474-1A3956D46DE8}") = "DatabaseScripts", "DatabaseScripts", "{9A6D3BC3-4C7E-4A71-A3D5-4DD643F83F78}"
	ProjectSection(SolutionItems) = preProject
		resume.sql = resume.sql
	EndProjectSection
EndProject
Project("{FAE04EC0-301F-11D3-BF4B-00C04F79EFBC}") = "ResumeApi.xTests", "ResumeApi.xTests\ResumeApi.xTests.csproj", "{C215ACB8-C23B-4A1F-A0D0-788D58977F45}"
EndProject
Project("{FAE04EC0-301F-11D3-BF4B-00C04F79EFBC}") = "ResumeApi.Common", "ResumeApi.Common\ResumeApi.Common.csproj", "{4890D65C-AD52-47E9-82CC-14DD812D9A9C}"
EndProject
Global
	GlobalSection(SolutionConfigurationPlatforms) = preSolution
		Debug|Any CPU = Debug|Any CPU
		Release|Any CPU = Release|Any CPU
	EndGlobalSection
	GlobalSection(ProjectConfigurationPlatforms) = postSolution
		{1270451D-FAE1-4270-AB99-3CDBE07E2FCA}.Debug|Any CPU.ActiveCfg = Debug|Any CPU
		{1270451D-FAE1-4270-AB99-3CDBE07E2FCA}.Debug|Any CPU.Build.0 = Debug|Any CPU
		{1270451D-FAE1-4270-AB99-3CDBE07E2FCA}.Release|Any CPU.ActiveCfg = Release|Any CPU
		{1270451D-FAE1-4270-AB99-3CDBE07E2FCA}.Release|Any CPU.Build.0 = Release|Any CPU
		{A277E574-29DF-402A-B1FF-F1BD1F0EC35B}.Debug|Any CPU.ActiveCfg = Debug|Any CPU
		{A277E574-29DF-402A-B1FF-F1BD1F0EC35B}.Debug|Any CPU.Build.0 = Debug|Any CPU
		{A277E574-29DF-402A-B1FF-F1BD1F0EC35B}.Release|Any CPU.ActiveCfg = Release|Any CPU
		{A277E574-29DF-402A-B1FF-F1BD1F0EC35B}.Release|Any CPU.Build.0 = Release|Any CPU
		{F3C3FE1C-4910-456A-A0EB-884DD0FCB5FA}.Debug|Any CPU.ActiveCfg = Debug|Any CPU
		{F3C3FE1C-4910-456A-A0EB-884DD0FCB5FA}.Debug|Any CPU.Build.0 = Debug|Any CPU
		{F3C3FE1C-4910-456A-A0EB-884DD0FCB5FA}.Release|Any CPU.ActiveCfg = Release|Any CPU
		{F3C3FE1C-4910-456A-A0EB-884DD0FCB5FA}.Release|Any CPU.Build.0 = Release|Any CPU
		{924506D5-0DF0-4631-AA5E-74C383652CBE}.Debug|Any CPU.ActiveCfg = Debug|Any CPU
		{924506D5-0DF0-4631-AA5E-74C383652CBE}.Debug|Any CPU.Build.0 = Debug|Any CPU
		{924506D5-0DF0-4631-AA5E-74C383652CBE}.Release|Any CPU.ActiveCfg = Release|Any CPU
		{924506D5-0DF0-4631-AA5E-74C383652CBE}.Release|Any CPU.Build.0 = Release|Any CPU
		{C215ACB8-C23B-4A1F-A0D0-788D58977F45}.Debug|Any CPU.ActiveCfg = Debug|Any CPU
		{C215ACB8-C23B-4A1F-A0D0-788D58977F45}.Debug|Any CPU.Build.0 = Debug|Any CPU
		{C215ACB8-C23B-4A1F-A0D0-788D58977F45}.Release|Any CPU.ActiveCfg = Release|Any CPU
		{C215ACB8-C23B-4A1F-A0D0-788D58977F45}.Release|Any CPU.Build.0 = Release|Any CPU
		{4890D65C-AD52-47E9-82CC-14DD812D9A9C}.Debug|Any CPU.ActiveCfg = Debug|Any CPU
		{4890D65C-AD52-47E9-82CC-14DD812D9A9C}.Debug|Any CPU.Build.0 = Debug|Any CPU
		{4890D65C-AD52-47E9-82CC-14DD812D9A9C}.Release|Any CPU.ActiveCfg = Release|Any CPU
		{4890D65C-AD52-47E9-82CC-14DD812D9A9C}.Release|Any CPU.Build.0 = Release|Any CPU
	EndGlobalSection
	GlobalSection(SolutionProperties) = preSolution
		HideSolutionNode = FALSE
	EndGlobalSection
	GlobalSection(ExtensibilityGlobals) = postSolution
		SolutionGuid = {01665772-8BF6-4672-B750-06B3B0D8E29E}
	EndGlobalSection
EndGlobal
